<?xml version="1.0" encoding="utf-8"?>
<Project ToolsVersion="4.0" xmlns="http://schemas.microsoft.com/developer/msbuild/2003">
  <ItemGroup>
    <Filter Include="Source Files">
      <UniqueIdentifier>{4FC737F1-C7A5-4376-A066-2A32D752A2FF}</UniqueIdentifier>
      <Extensions>cpp;c;cc;cxx;def;odl;idl;hpj;bat;asm;asmx</Extensions>
    </Filter>
    <Filter Include="Header Files">
      <UniqueIdentifier>{93995380-89BD-4b04-88EB-625FBE52EBFB}</UniqueIdentifier>
      <Extensions>h;hpp;hxx;hm;inl;inc;xsd</Extensions>
    </Filter>
    <Filter Include="Resource Files">
      <UniqueIdentifier>{67DA6AB6-F800-4c08-8B7A-83BB121AAD01}</UniqueIdentifier>
      <Extensions>rc;ico;cur;bmp;dlg;rc2;rct;bin;rgs;gif;jpg;jpeg;jpe;resx;tiff;tif;png;wav</Extensions>
    </Filter>
  </ItemGroup>
  <ItemGroup>
    <ClCompile Include="..\..\libfsntfs\libfsntfs.c">
      <Filter>Source Files</Filter>
    </ClCompile>
    <ClCompile Include="..\..\libfsntfs\libfsntfs_attribute.c">
      <Filter>Source Files</Filter>
    </ClCompile>
    <ClCompile Include="..\..\libfsntfs\libfsntfs_attribute_list_attribute.c">
      <Filter>Source Files</Filter>
    </ClCompile>
    <ClCompile Include="..\..\libfsntfs\libfsntfs_attribute_list_entry.c">
      <Filter>Source Files</Filter>
    </ClCompile>
    <ClCompile Include="..\..\libfsntfs\libfsntfs_bitmap_values.c">
      <Filter>Source Files</Filter>
    </ClCompile>
    <ClCompile Include="..\..\libfsntfs\libfsntfs_buffer_data_handle.c">
      <Filter>Source Files</Filter>
    </ClCompile>
    <ClCompile Include="..\..\libfsntfs\libfsntfs_cluster_block.c">
      <Filter>Source Files</Filter>
    </ClCompile>
    <ClCompile Include="..\..\libfsntfs\libfsntfs_cluster_block_data.c">
      <Filter>Source Files</Filter>
    </ClCompile>
    <ClCompile Include="..\..\libfsntfs\libfsntfs_cluster_block_stream.c">
      <Filter>Source Files</Filter>
    </ClCompile>
    <ClCompile Include="..\..\libfsntfs\libfsntfs_cluster_block_vector.c">
      <Filter>Source Files</Filter>
    </ClCompile>
    <ClCompile Include="..\..\libfsntfs\libfsntfs_compressed_block.c">
      <Filter>Source Files</Filter>
    </ClCompile>
    <ClCompile Include="..\..\libfsntfs\libfsntfs_compressed_block_data_handle.c">
      <Filter>Source Files</Filter>
    </ClCompile>
    <ClCompile Include="..\..\libfsntfs\libfsntfs_compressed_block_vector.c">
      <Filter>Source Files</Filter>
    </ClCompile>
    <ClCompile Include="..\..\libfsntfs\libfsntfs_compressed_data_handle.c">
      <Filter>Source Files</Filter>
    </ClCompile>
    <ClCompile Include="..\..\libfsntfs\libfsntfs_compression.c">
      <Filter>Source Files</Filter>
    </ClCompile>
    <ClCompile Include="..\..\libfsntfs\libfsntfs_compression_unit_data_handle.c">
      <Filter>Source Files</Filter>
    </ClCompile>
    <ClCompile Include="..\..\libfsntfs\libfsntfs_compression_unit_descriptor.c">
      <Filter>Source Files</Filter>
    </ClCompile>
    <ClCompile Include="..\..\libfsntfs\libfsntfs_data_run.c">
      <Filter>Source Files</Filter>
    </ClCompile>
    <ClCompile Include="..\..\libfsntfs\libfsntfs_data_stream.c">
      <Filter>Source Files</Filter>
    </ClCompile>
    <ClCompile Include="..\..\libfsntfs\libfsntfs_debug.c">
      <Filter>Source Files</Filter>
    </ClCompile>
    <ClCompile Include="..\..\libfsntfs\libfsntfs_directory_entries_tree.c">
      <Filter>Source Files</Filter>
    </ClCompile>
    <ClCompile Include="..\..\libfsntfs\libfsntfs_directory_entry.c">
      <Filter>Source Files</Filter>
    </ClCompile>
    <ClCompile Include="..\..\libfsntfs\libfsntfs_error.c">
      <Filter>Source Files</Filter>
    </ClCompile>
    <ClCompile Include="..\..\libfsntfs\libfsntfs_extent.c">
      <Filter>Source Files</Filter>
    </ClCompile>
    <ClCompile Include="..\..\libfsntfs\libfsntfs_file_entry.c">
      <Filter>Source Files</Filter>
    </ClCompile>
    <ClCompile Include="..\..\libfsntfs\libfsntfs_file_name_attribute.c">
      <Filter>Source Files</Filter>
    </ClCompile>
    <ClCompile Include="..\..\libfsntfs\libfsntfs_file_name_values.c">
      <Filter>Source Files</Filter>
    </ClCompile>
    <ClCompile Include="..\..\libfsntfs\libfsntfs_file_system.c">
      <Filter>Source Files</Filter>
    </ClCompile>
    <ClCompile Include="..\..\libfsntfs\libfsntfs_fixup_values.c">
      <Filter>Source Files</Filter>
    </ClCompile>
    <ClCompile Include="..\..\libfsntfs\libfsntfs_index.c">
      <Filter>Source Files</Filter>
    </ClCompile>
    <ClCompile Include="..\..\libfsntfs\libfsntfs_index_entry.c">
      <Filter>Source Files</Filter>
    </ClCompile>
    <ClCompile Include="..\..\libfsntfs\libfsntfs_index_entry_header.c">
      <Filter>Source Files</Filter>
    </ClCompile>
    <ClCompile Include="..\..\libfsntfs\libfsntfs_index_entry_vector.c">
      <Filter>Source Files</Filter>
    </ClCompile>
    <ClCompile Include="..\..\libfsntfs\libfsntfs_index_node.c">
      <Filter>Source Files</Filter>
    </ClCompile>
    <ClCompile Include="..\..\libfsntfs\libfsntfs_index_node_header.c">
      <Filter>Source Files</Filter>
    </ClCompile>
    <ClCompile Include="..\..\libfsntfs\libfsntfs_index_root_header.c">
      <Filter>Source Files</Filter>
    </ClCompile>
    <ClCompile Include="..\..\libfsntfs\libfsntfs_index_value.c">
      <Filter>Source Files</Filter>
    </ClCompile>
    <ClCompile Include="..\..\libfsntfs\libfsntfs_io_handle.c">
      <Filter>Source Files</Filter>
    </ClCompile>
    <ClCompile Include="..\..\libfsntfs\libfsntfs_logged_utility_stream_values.c">
      <Filter>Source Files</Filter>
    </ClCompile>
    <ClCompile Include="..\..\libfsntfs\libfsntfs_mft.c">
      <Filter>Source Files</Filter>
    </ClCompile>
    <ClCompile Include="..\..\libfsntfs\libfsntfs_mft_attribute.c">
      <Filter>Source Files</Filter>
    </ClCompile>
    <ClCompile Include="..\..\libfsntfs\libfsntfs_mft_attribute_list.c">
      <Filter>Source Files</Filter>
    </ClCompile>
    <ClCompile Include="..\..\libfsntfs\libfsntfs_mft_attribute_list_entry.c">
      <Filter>Source Files</Filter>
    </ClCompile>
    <ClCompile Include="..\..\libfsntfs\libfsntfs_mft_entry.c">
      <Filter>Source Files</Filter>
    </ClCompile>
    <ClCompile Include="..\..\libfsntfs\libfsntfs_mft_entry_header.c">
      <Filter>Source Files</Filter>
    </ClCompile>
    <ClCompile Include="..\..\libfsntfs\libfsntfs_mft_metadata_file.c">
      <Filter>Source Files</Filter>
    </ClCompile>
    <ClCompile Include="..\..\libfsntfs\libfsntfs_name.c">
      <Filter>Source Files</Filter>
    </ClCompile>
    <ClCompile Include="..\..\libfsntfs\libfsntfs_notify.c">
      <Filter>Source Files</Filter>
    </ClCompile>
    <ClCompile Include="..\..\libfsntfs\libfsntfs_object_identifier_attribute.c">
      <Filter>Source Files</Filter>
    </ClCompile>
    <ClCompile Include="..\..\libfsntfs\libfsntfs_object_identifier_values.c">
      <Filter>Source Files</Filter>
    </ClCompile>
    <ClCompile Include="..\..\libfsntfs\libfsntfs_path_hint.c">
      <Filter>Source Files</Filter>
    </ClCompile>
    <ClCompile Include="..\..\libfsntfs\libfsntfs_profiler.c">
      <Filter>Source Files</Filter>
    </ClCompile>
    <ClCompile Include="..\..\libfsntfs\libfsntfs_reparse_point_attribute.c">
      <Filter>Source Files</Filter>
    </ClCompile>
    <ClCompile Include="..\..\libfsntfs\libfsntfs_reparse_point_values.c">
      <Filter>Source Files</Filter>
    </ClCompile>
    <ClCompile Include="..\..\libfsntfs\libfsntfs_sds_index_value.c">
      <Filter>Source Files</Filter>
    </ClCompile>
    <ClCompile Include="..\..\libfsntfs\libfsntfs_security_descriptor_attribute.c">
      <Filter>Source Files</Filter>
    </ClCompile>
    <ClCompile Include="..\..\libfsntfs\libfsntfs_security_descriptor_index.c">
      <Filter>Source Files</Filter>
    </ClCompile>
    <ClCompile Include="..\..\libfsntfs\libfsntfs_security_descriptor_index_value.c">
      <Filter>Source Files</Filter>
    </ClCompile>
    <ClCompile Include="..\..\libfsntfs\libfsntfs_security_descriptor_values.c">
      <Filter>Source Files</Filter>
    </ClCompile>
    <ClCompile Include="..\..\libfsntfs\libfsntfs_standard_information_attribute.c">
      <Filter>Source Files</Filter>
    </ClCompile>
    <ClCompile Include="..\..\libfsntfs\libfsntfs_standard_information_values.c">
      <Filter>Source Files</Filter>
    </ClCompile>
    <ClCompile Include="..\..\libfsntfs\libfsntfs_support.c">
      <Filter>Source Files</Filter>
    </ClCompile>
    <ClCompile Include="..\..\libfsntfs\libfsntfs_txf_data_values.c">
      <Filter>Source Files</Filter>
    </ClCompile>
    <ClCompile Include="..\..\libfsntfs\libfsntfs_usn_change_journal.c">
      <Filter>Source Files</Filter>
    </ClCompile>
    <ClCompile Include="..\..\libfsntfs\libfsntfs_volume.c">
      <Filter>Source Files</Filter>
    </ClCompile>
    <ClCompile Include="..\..\libfsntfs\libfsntfs_volume_header.c">
      <Filter>Source Files</Filter>
    </ClCompile>
    <ClCompile Include="..\..\libfsntfs\libfsntfs_volume_information_attribute.c">
      <Filter>Source Files</Filter>
    </ClCompile>
    <ClCompile Include="..\..\libfsntfs\libfsntfs_volume_information_values.c">
      <Filter>Source Files</Filter>
    </ClCompile>
    <ClCompile Include="..\..\libfsntfs\libfsntfs_volume_name_attribute.c">
      <Filter>Source Files</Filter>
    </ClCompile>
    <ClCompile Include="..\..\libfsntfs\libfsntfs_volume_name_values.c">
      <Filter>Source Files</Filter>
    </ClCompile>
  </ItemGroup>
  <ItemGroup>
    <ClInclude Include="..\..\libfsntfs\fsntfs_file_name.h">
      <Filter>Header Files</Filter>
    </ClInclude>
    <ClInclude Include="..\..\libfsntfs\fsntfs_index.h">
      <Filter>Header Files</Filter>
    </ClInclude>
    <ClInclude Include="..\..\libfsntfs\fsntfs_logged_utility_stream.h">
      <Filter>Header Files</Filter>
    </ClInclude>
    <ClInclude Include="..\..\libfsntfs\fsntfs_mft_attribute.h">
      <Filter>Header Files</Filter>
    </ClInclude>
    <ClInclude Include="..\..\libfsntfs\fsntfs_mft_attribute_list.h">
      <Filter>Header Files</Filter>
    </ClInclude>
    <ClInclude Include="..\..\libfsntfs\fsntfs_mft_entry.h">
      <Filter>Header Files</Filter>
    </ClInclude>
    <ClInclude Include="..\..\libfsntfs\fsntfs_object_identifier.h">
      <Filter>Header Files</Filter>
    </ClInclude>
    <ClInclude Include="..\..\libfsntfs\fsntfs_reparse_point.h">
      <Filter>Header Files</Filter>
    </ClInclude>
    <ClInclude Include="..\..\libfsntfs\fsntfs_secure.h">
      <Filter>Header Files</Filter>
    </ClInclude>
    <ClInclude Include="..\..\libfsntfs\fsntfs_standard_information.h">
      <Filter>Header Files</Filter>
    </ClInclude>
    <ClInclude Include="..\..\libfsntfs\fsntfs_txf_data.h">
      <Filter>Header Files</Filter>
    </ClInclude>
    <ClInclude Include="..\..\libfsntfs\fsntfs_volume_header.h">
      <Filter>Header Files</Filter>
    </ClInclude>
    <ClInclude Include="..\..\libfsntfs\fsntfs_volume_information.h">
      <Filter>Header Files</Filter>
    </ClInclude>
    <ClInclude Include="..\..\libfsntfs\libfsntfs_attribute.h">
      <Filter>Header Files</Filter>
    </ClInclude>
    <ClInclude Include="..\..\libfsntfs\libfsntfs_attribute_list_attribute.h">
      <Filter>Header Files</Filter>
    </ClInclude>
    <ClInclude Include="..\..\libfsntfs\libfsntfs_attribute_list_entry.h">
      <Filter>Header Files</Filter>
    </ClInclude>
    <ClInclude Include="..\..\libfsntfs\libfsntfs_bitmap_values.h">
      <Filter>Header Files</Filter>
    </ClInclude>
    <ClInclude Include="..\..\libfsntfs\libfsntfs_buffer_data_handle.h">
      <Filter>Header Files</Filter>
    </ClInclude>
    <ClInclude Include="..\..\libfsntfs\libfsntfs_cluster_block.h">
      <Filter>Header Files</Filter>
    </ClInclude>
    <ClInclude Include="..\..\libfsntfs\libfsntfs_cluster_block_data.h">
      <Filter>Header Files</Filter>
    </ClInclude>
    <ClInclude Include="..\..\libfsntfs\libfsntfs_cluster_block_stream.h">
      <Filter>Header Files</Filter>
    </ClInclude>
    <ClInclude Include="..\..\libfsntfs\libfsntfs_cluster_block_vector.h">
      <Filter>Header Files</Filter>
    </ClInclude>
    <ClInclude Include="..\..\libfsntfs\libfsntfs_compressed_block.h">
      <Filter>Header Files</Filter>
    </ClInclude>
    <ClInclude Include="..\..\libfsntfs\libfsntfs_compressed_block_data_handle.h">
      <Filter>Header Files</Filter>
    </ClInclude>
    <ClInclude Include="..\..\libfsntfs\libfsntfs_compressed_block_vector.h">
      <Filter>Header Files</Filter>
    </ClInclude>
    <ClInclude Include="..\..\libfsntfs\libfsntfs_compressed_data_handle.h">
      <Filter>Header Files</Filter>
    </ClInclude>
    <ClInclude Include="..\..\libfsntfs\libfsntfs_compression.h">
      <Filter>Header Files</Filter>
    </ClInclude>
    <ClInclude Include="..\..\libfsntfs\libfsntfs_compression_unit_data_handle.h">
      <Filter>Header Files</Filter>
    </ClInclude>
    <ClInclude Include="..\..\libfsntfs\libfsntfs_compression_unit_descriptor.h">
      <Filter>Header Files</Filter>
    </ClInclude>
    <ClInclude Include="..\..\libfsntfs\libfsntfs_data_run.h">
      <Filter>Header Files</Filter>
    </ClInclude>
    <ClInclude Include="..\..\libfsntfs\libfsntfs_data_stream.h">
      <Filter>Header Files</Filter>
    </ClInclude>
    <ClInclude Include="..\..\libfsntfs\libfsntfs_debug.h">
      <Filter>Header Files</Filter>
    </ClInclude>
    <ClInclude Include="..\..\libfsntfs\libfsntfs_definitions.h">
      <Filter>Header Files</Filter>
    </ClInclude>
    <ClInclude Include="..\..\libfsntfs\libfsntfs_directory_entries_tree.h">
      <Filter>Header Files</Filter>
    </ClInclude>
    <ClInclude Include="..\..\libfsntfs\libfsntfs_directory_entry.h">
      <Filter>Header Files</Filter>
    </ClInclude>
    <ClInclude Include="..\..\libfsntfs\libfsntfs_error.h">
      <Filter>Header Files</Filter>
    </ClInclude>
    <ClInclude Include="..\..\libfsntfs\libfsntfs_extent.h">
      <Filter>Header Files</Filter>
    </ClInclude>
    <ClInclude Include="..\..\libfsntfs\libfsntfs_extern.h">
      <Filter>Header Files</Filter>
    </ClInclude>
    <ClInclude Include="..\..\libfsntfs\libfsntfs_file_entry.h">
      <Filter>Header Files</Filter>
    </ClInclude>
    <ClInclude Include="..\..\libfsntfs\libfsntfs_file_name_attribute.h">
      <Filter>Header Files</Filter>
    </ClInclude>
    <ClInclude Include="..\..\libfsntfs\libfsntfs_file_name_values.h">
      <Filter>Header Files</Filter>
    </ClInclude>
    <ClInclude Include="..\..\libfsntfs\libfsntfs_file_system.h">
      <Filter>Header Files</Filter>
    </ClInclude>
    <ClInclude Include="..\..\libfsntfs\libfsntfs_fixup_values.h">
      <Filter>Header Files</Filter>
    </ClInclude>
    <ClInclude Include="..\..\libfsntfs\libfsntfs_index.h">
      <Filter>Header Files</Filter>
    </ClInclude>
    <ClInclude Include="..\..\libfsntfs\libfsntfs_index_entry.h">
      <Filter>Header Files</Filter>
    </ClInclude>
    <ClInclude Include="..\..\libfsntfs\libfsntfs_index_entry_header.h">
      <Filter>Header Files</Filter>
    </ClInclude>
    <ClInclude Include="..\..\libfsntfs\libfsntfs_index_entry_vector.h">
      <Filter>Header Files</Filter>
    </ClInclude>
    <ClInclude Include="..\..\libfsntfs\libfsntfs_index_node.h">
      <Filter>Header Files</Filter>
    </ClInclude>
    <ClInclude Include="..\..\libfsntfs\libfsntfs_index_node_header.h">
      <Filter>Header Files</Filter>
    </ClInclude>
    <ClInclude Include="..\..\libfsntfs\libfsntfs_index_root_header.h">
      <Filter>Header Files</Filter>
    </ClInclude>
    <ClInclude Include="..\..\libfsntfs\libfsntfs_index_value.h">
      <Filter>Header Files</Filter>
    </ClInclude>
    <ClInclude Include="..\..\libfsntfs\libfsntfs_io_handle.h">
      <Filter>Header Files</Filter>
    </ClInclude>
    <ClInclude Include="..\..\libfsntfs\libfsntfs_libbfio.h">
      <Filter>Header Files</Filter>
    </ClInclude>
    <ClInclude Include="..\..\libfsntfs\libfsntfs_libcdata.h">
      <Filter>Header Files</Filter>
    </ClInclude>
    <ClInclude Include="..\..\libfsntfs\libfsntfs_libcerror.h">
      <Filter>Header Files</Filter>
    </ClInclude>
    <ClInclude Include="..\..\libfsntfs\libfsntfs_libclocale.h">
      <Filter>Header Files</Filter>
    </ClInclude>
    <ClInclude Include="..\..\libfsntfs\libfsntfs_libcnotify.h">
      <Filter>Header Files</Filter>
    </ClInclude>
    <ClInclude Include="..\..\libfsntfs\libfsntfs_libcthreads.h">
      <Filter>Header Files</Filter>
    </ClInclude>
    <ClInclude Include="..\..\libfsntfs\libfsntfs_libfcache.h">
      <Filter>Header Files</Filter>
    </ClInclude>
    <ClInclude Include="..\..\libfsntfs\libfsntfs_libfdata.h">
      <Filter>Header Files</Filter>
    </ClInclude>
    <ClInclude Include="..\..\libfsntfs\libfsntfs_libfdatetime.h">
      <Filter>Header Files</Filter>
    </ClInclude>
    <ClInclude Include="..\..\libfsntfs\libfsntfs_libfguid.h">
      <Filter>Header Files</Filter>
    </ClInclude>
    <ClInclude Include="..\..\libfsntfs\libfsntfs_libfwnt.h">
      <Filter>Header Files</Filter>
    </ClInclude>
    <ClInclude Include="..\..\libfsntfs\libfsntfs_libuna.h">
      <Filter>Header Files</Filter>
    </ClInclude>
    <ClInclude Include="..\..\libfsntfs\libfsntfs_logged_utility_stream_values.h">
      <Filter>Header Files</Filter>
    </ClInclude>
    <ClInclude Include="..\..\libfsntfs\libfsntfs_mft.h">
      <Filter>Header Files</Filter>
    </ClInclude>
    <ClInclude Include="..\..\libfsntfs\libfsntfs_mft_attribute.h">
      <Filter>Header Files</Filter>
    </ClInclude>
    <ClInclude Include="..\..\libfsntfs\libfsntfs_mft_attribute_list.h">
      <Filter>Header Files</Filter>
    </ClInclude>
    <ClInclude Include="..\..\libfsntfs\libfsntfs_mft_attribute_list_entry.h">
      <Filter>Header Files</Filter>
    </ClInclude>
    <ClInclude Include="..\..\libfsntfs\libfsntfs_mft_entry.h">
      <Filter>Header Files</Filter>
    </ClInclude>
    <ClInclude Include="..\..\libfsntfs\libfsntfs_mft_entry_header.h">
      <Filter>Header Files</Filter>
    </ClInclude>
    <ClInclude Include="..\..\libfsntfs\libfsntfs_mft_metadata_file.h">
      <Filter>Header Files</Filter>
    </ClInclude>
    <ClInclude Include="..\..\libfsntfs\libfsntfs_name.h">
      <Filter>Header Files</Filter>
    </ClInclude>
    <ClInclude Include="..\..\libfsntfs\libfsntfs_notify.h">
      <Filter>Header Files</Filter>
    </ClInclude>
    <ClInclude Include="..\..\libfsntfs\libfsntfs_object_identifier_attribute.h">
      <Filter>Header Files</Filter>
    </ClInclude>
    <ClInclude Include="..\..\libfsntfs\libfsntfs_object_identifier_values.h">
      <Filter>Header Files</Filter>
    </ClInclude>
    <ClInclude Include="..\..\libfsntfs\libfsntfs_path_hint.h">
      <Filter>Header Files</Filter>
    </ClInclude>
    <ClInclude Include="..\..\libfsntfs\libfsntfs_profiler.h">
      <Filter>Header Files</Filter>
    </ClInclude>
    <ClInclude Include="..\..\libfsntfs\libfsntfs_reparse_point_attribute.h">
      <Filter>Header Files</Filter>
    </ClInclude>
    <ClInclude Include="..\..\libfsntfs\libfsntfs_reparse_point_values.h">
      <Filter>Header Files</Filter>
    </ClInclude>
    <ClInclude Include="..\..\libfsntfs\libfsntfs_sds_index_value.h">
      <Filter>Header Files</Filter>
    </ClInclude>
    <ClInclude Include="..\..\libfsntfs\libfsntfs_security_descriptor_attribute.h">
      <Filter>Header Files</Filter>
    </ClInclude>
    <ClInclude Include="..\..\libfsntfs\libfsntfs_security_descriptor_index.h">
      <Filter>Header Files</Filter>
    </ClInclude>
    <ClInclude Include="..\..\libfsntfs\libfsntfs_security_descriptor_index_value.h">
      <Filter>Header Files</Filter>
    </ClInclude>
    <ClInclude Include="..\..\libfsntfs\libfsntfs_security_descriptor_values.h">
      <Filter>Header Files</Filter>
    </ClInclude>
    <ClInclude Include="..\..\libfsntfs\libfsntfs_standard_information_attribute.h">
      <Filter>Header Files</Filter>
    </ClInclude>
    <ClInclude Include="..\..\libfsntfs\libfsntfs_standard_information_values.h">
      <Filter>Header Files</Filter>
    </ClInclude>
    <ClInclude Include="..\..\libfsntfs\libfsntfs_support.h">
      <Filter>Header Files</Filter>
    </ClInclude>
    <ClInclude Include="..\..\libfsntfs\libfsntfs_txf_data_values.h">
      <Filter>Header Files</Filter>
    </ClInclude>
    <ClInclude Include="..\..\libfsntfs\libfsntfs_types.h">
      <Filter>Header Files</Filter>
    </ClInclude>
    <ClInclude Include="..\..\libfsntfs\libfsntfs_unused.h">
      <Filter>Header Files</Filter>
    </ClInclude>
    <ClInclude Include="..\..\libfsntfs\libfsntfs_usn_change_journal.h">
      <Filter>Header Files</Filter>
    </ClInclude>
    <ClInclude Include="..\..\libfsntfs\libfsntfs_volume.h">
      <Filter>Header Files</Filter>
    </ClInclude>
    <ClInclude Include="..\..\libfsntfs\libfsntfs_volume_header.h">
      <Filter>Header Files</Filter>
    </ClInclude>
    <ClInclude Include="..\..\libfsntfs\libfsntfs_volume_information_attribute.h">
      <Filter>Header Files</Filter>
    </ClInclude>
    <ClInclude Include="..\..\libfsntfs\libfsntfs_volume_information_values.h">
      <Filter>Header Files</Filter>
    </ClInclude>
    <ClInclude Include="..\..\libfsntfs\libfsntfs_volume_name_attribute.h">
      <Filter>Header Files</Filter>
    </ClInclude>
    <ClInclude Include="..\..\libfsntfs\libfsntfs_volume_name_values.h">
      <Filter>Header Files</Filter>
    </ClInclude>
  </ItemGroup>
  <ItemGroup>
    <ResourceCompile Include="..\..\libfsntfs\libfsntfs.rc">
      <Filter>Resource Files</Filter>
    </ResourceCompile>
  </ItemGroup>
</Project>